{
  "version": "v1",
  "packages": {
    "c2pa-react-cawg-component": {
      "signature": "f2c81e5f73e06bd455957eb880a62898",
      "file": true,
      "replaced": "^0.1.10"
    },
    "c2pa-react-diacc-component": {
      "signature": "1a2d3be587e3fd140a1dd4a852db9c2c",
      "file": true,
      "replaced": "0.1.8"
    },
    "c2pa-react-component-types": {
      "signature": "ff36f26a4818ff0d2a5c5ef72beb7166",
      "file": true,
      "replaced": "0.1.3"
    }
  }
}